
Microsoft Visual Studio Solution File, Format Version 12.00
# Visual Studio 15
VisualStudioVersion = 15.0.26124.0
MinimumVisualStudioVersion = 15.0.26124.0
Project("{2150E333-8FDC-42A3-9474-1A3956D46DE8}") = "packages", "packages", "{E1109FA4-134B-4FC3-8AF9-9EFF876A2AE9}"
EndProject
Project("{2150E333-8FDC-42A3-9474-1A3956D46DE8}") = "server", "server", "{AF21233B-CB8D-4F87-BD7F-1FBB0C454D36}"
EndProject
Project("{FAE04EC0-301F-11D3-BF4B-00C04F79EFBC}") = "api", "packages\server\api\api.csproj", "{DBC3919D-1B54-46AF-9362-F1B4C0C18AD4}"
EndProject
Project("{2150E333-8FDC-42A3-9474-1A3956D46DE8}") = "libs", "libs", "{9C5F6988-B6A4-466A-8175-C7864DA60360}"
EndProject
Project("{FAE04EC0-301F-11D3-BF4B-00C04F79EFBC}") = "domain", "packages\libs\domain\domain.csproj", "{150981A2-C36F-4389-9C57-A55B5D83E545}"
EndProject
Project("{FAE04EC0-301F-11D3-BF4B-00C04F79EFBC}") = "persistence", "packages\libs\persistence\persistence.csproj", "{C3DE38DE-D1B0-4EFE-B324-88F7A2D47294}"
EndProject
Project("{FAE04EC0-301F-11D3-BF4B-00C04F79EFBC}") = "application", "packages\libs\application\application.csproj", "{750E71DC-04E0-44CF-8685-15ED03CDEB25}"
EndProject
Project("{FAE04EC0-301F-11D3-BF4B-00C04F79EFBC}") = "test", "packages\tests\test.csproj", "{EE356329-675F-4FC9-B008-B3A86925529F}"
EndProject
Global
	GlobalSection(SolutionConfigurationPlatforms) = preSolution
		Debug|Any CPU = Debug|Any CPU
		Debug|x64 = Debug|x64
		Debug|x86 = Debug|x86
		Release|Any CPU = Release|Any CPU
		Release|x64 = Release|x64
		Release|x86 = Release|x86
	EndGlobalSection
	GlobalSection(SolutionProperties) = preSolution
		HideSolutionNode = FALSE
	EndGlobalSection
	GlobalSection(ProjectConfigurationPlatforms) = postSolution
		{DBC3919D-1B54-46AF-9362-F1B4C0C18AD4}.Debug|Any CPU.ActiveCfg = Debug|Any CPU
		{DBC3919D-1B54-46AF-9362-F1B4C0C18AD4}.Debug|Any CPU.Build.0 = Debug|Any CPU
		{DBC3919D-1B54-46AF-9362-F1B4C0C18AD4}.Debug|x64.ActiveCfg = Debug|Any CPU
		{DBC3919D-1B54-46AF-9362-F1B4C0C18AD4}.Debug|x64.Build.0 = Debug|Any CPU
		{DBC3919D-1B54-46AF-9362-F1B4C0C18AD4}.Debug|x86.ActiveCfg = Debug|Any CPU
		{DBC3919D-1B54-46AF-9362-F1B4C0C18AD4}.Debug|x86.Build.0 = Debug|Any CPU
		{DBC3919D-1B54-46AF-9362-F1B4C0C18AD4}.Release|Any CPU.ActiveCfg = Release|Any CPU
		{DBC3919D-1B54-46AF-9362-F1B4C0C18AD4}.Release|Any CPU.Build.0 = Release|Any CPU
		{DBC3919D-1B54-46AF-9362-F1B4C0C18AD4}.Release|x64.ActiveCfg = Release|Any CPU
		{DBC3919D-1B54-46AF-9362-F1B4C0C18AD4}.Release|x64.Build.0 = Release|Any CPU
		{DBC3919D-1B54-46AF-9362-F1B4C0C18AD4}.Release|x86.ActiveCfg = Release|Any CPU
		{DBC3919D-1B54-46AF-9362-F1B4C0C18AD4}.Release|x86.Build.0 = Release|Any CPU
		{150981A2-C36F-4389-9C57-A55B5D83E545}.Debug|Any CPU.ActiveCfg = Debug|Any CPU
		{150981A2-C36F-4389-9C57-A55B5D83E545}.Debug|Any CPU.Build.0 = Debug|Any CPU
		{150981A2-C36F-4389-9C57-A55B5D83E545}.Debug|x64.ActiveCfg = Debug|Any CPU
		{150981A2-C36F-4389-9C57-A55B5D83E545}.Debug|x64.Build.0 = Debug|Any CPU
		{150981A2-C36F-4389-9C57-A55B5D83E545}.Debug|x86.ActiveCfg = Debug|Any CPU
		{150981A2-C36F-4389-9C57-A55B5D83E545}.Debug|x86.Build.0 = Debug|Any CPU
		{150981A2-C36F-4389-9C57-A55B5D83E545}.Release|Any CPU.ActiveCfg = Release|Any CPU
		{150981A2-C36F-4389-9C57-A55B5D83E545}.Release|Any CPU.Build.0 = Release|Any CPU
		{150981A2-C36F-4389-9C57-A55B5D83E545}.Release|x64.ActiveCfg = Release|Any CPU
		{150981A2-C36F-4389-9C57-A55B5D83E545}.Release|x64.Build.0 = Release|Any CPU
		{150981A2-C36F-4389-9C57-A55B5D83E545}.Release|x86.ActiveCfg = Release|Any CPU
		{150981A2-C36F-4389-9C57-A55B5D83E545}.Release|x86.Build.0 = Release|Any CPU
		{C3DE38DE-D1B0-4EFE-B324-88F7A2D47294}.Debug|Any CPU.ActiveCfg = Debug|Any CPU
		{C3DE38DE-D1B0-4EFE-B324-88F7A2D47294}.Debug|Any CPU.Build.0 = Debug|Any CPU
		{C3DE38DE-D1B0-4EFE-B324-88F7A2D47294}.Debug|x64.ActiveCfg = Debug|Any CPU
		{C3DE38DE-D1B0-4EFE-B324-88F7A2D47294}.Debug|x64.Build.0 = Debug|Any CPU
		{C3DE38DE-D1B0-4EFE-B324-88F7A2D47294}.Debug|x86.ActiveCfg = Debug|Any CPU
		{C3DE38DE-D1B0-4EFE-B324-88F7A2D47294}.Debug|x86.Build.0 = Debug|Any CPU
		{C3DE38DE-D1B0-4EFE-B324-88F7A2D47294}.Release|Any CPU.ActiveCfg = Release|Any CPU
		{C3DE38DE-D1B0-4EFE-B324-88F7A2D47294}.Release|Any CPU.Build.0 = Release|Any CPU
		{C3DE38DE-D1B0-4EFE-B324-88F7A2D47294}.Release|x64.ActiveCfg = Release|Any CPU
		{C3DE38DE-D1B0-4EFE-B324-88F7A2D47294}.Release|x64.Build.0 = Release|Any CPU
		{C3DE38DE-D1B0-4EFE-B324-88F7A2D47294}.Release|x86.ActiveCfg = Release|Any CPU
		{C3DE38DE-D1B0-4EFE-B324-88F7A2D47294}.Release|x86.Build.0 = Release|Any CPU
		{750E71DC-04E0-44CF-8685-15ED03CDEB25}.Debug|Any CPU.ActiveCfg = Debug|Any CPU
		{750E71DC-04E0-44CF-8685-15ED03CDEB25}.Debug|Any CPU.Build.0 = Debug|Any CPU
		{750E71DC-04E0-44CF-8685-15ED03CDEB25}.Debug|x64.ActiveCfg = Debug|Any CPU
		{750E71DC-04E0-44CF-8685-15ED03CDEB25}.Debug|x64.Build.0 = Debug|Any CPU
		{750E71DC-04E0-44CF-8685-15ED03CDEB25}.Debug|x86.ActiveCfg = Debug|Any CPU
		{750E71DC-04E0-44CF-8685-15ED03CDEB25}.Debug|x86.Build.0 = Debug|Any CPU
		{750E71DC-04E0-44CF-8685-15ED03CDEB25}.Release|Any CPU.ActiveCfg = Release|Any CPU
		{750E71DC-04E0-44CF-8685-15ED03CDEB25}.Release|Any CPU.Build.0 = Release|Any CPU
		{750E71DC-04E0-44CF-8685-15ED03CDEB25}.Release|x64.ActiveCfg = Release|Any CPU
		{750E71DC-04E0-44CF-8685-15ED03CDEB25}.Release|x64.Build.0 = Release|Any CPU
		{750E71DC-04E0-44CF-8685-15ED03CDEB25}.Release|x86.ActiveCfg = Release|Any CPU
		{750E71DC-04E0-44CF-8685-15ED03CDEB25}.Release|x86.Build.0 = Release|Any CPU
		{EE356329-675F-4FC9-B008-B3A86925529F}.Debug|Any CPU.ActiveCfg = Debug|Any CPU
		{EE356329-675F-4FC9-B008-B3A86925529F}.Debug|Any CPU.Build.0 = Debug|Any CPU
		{EE356329-675F-4FC9-B008-B3A86925529F}.Debug|x64.ActiveCfg = Debug|Any CPU
		{EE356329-675F-4FC9-B008-B3A86925529F}.Debug|x64.Build.0 = Debug|Any CPU
		{EE356329-675F-4FC9-B008-B3A86925529F}.Debug|x86.ActiveCfg = Debug|Any CPU
		{EE356329-675F-4FC9-B008-B3A86925529F}.Debug|x86.Build.0 = Debug|Any CPU
		{EE356329-675F-4FC9-B008-B3A86925529F}.Release|Any CPU.ActiveCfg = Release|Any CPU
		{EE356329-675F-4FC9-B008-B3A86925529F}.Release|Any CPU.Build.0 = Release|Any CPU
		{EE356329-675F-4FC9-B008-B3A86925529F}.Release|x64.ActiveCfg = Release|Any CPU
		{EE356329-675F-4FC9-B008-B3A86925529F}.Release|x64.Build.0 = Release|Any CPU
		{EE356329-675F-4FC9-B008-B3A86925529F}.Release|x86.ActiveCfg = Release|Any CPU
		{EE356329-675F-4FC9-B008-B3A86925529F}.Release|x86.Build.0 = Release|Any CPU
	EndGlobalSection
	GlobalSection(NestedProjects) = preSolution
		{AF21233B-CB8D-4F87-BD7F-1FBB0C454D36} = {E1109FA4-134B-4FC3-8AF9-9EFF876A2AE9}
		{DBC3919D-1B54-46AF-9362-F1B4C0C18AD4} = {AF21233B-CB8D-4F87-BD7F-1FBB0C454D36}
		{9C5F6988-B6A4-466A-8175-C7864DA60360} = {E1109FA4-134B-4FC3-8AF9-9EFF876A2AE9}
		{150981A2-C36F-4389-9C57-A55B5D83E545} = {9C5F6988-B6A4-466A-8175-C7864DA60360}
		{C3DE38DE-D1B0-4EFE-B324-88F7A2D47294} = {9C5F6988-B6A4-466A-8175-C7864DA60360}
		{750E71DC-04E0-44CF-8685-15ED03CDEB25} = {9C5F6988-B6A4-466A-8175-C7864DA60360}
		{EE356329-675F-4FC9-B008-B3A86925529F} = {E1109FA4-134B-4FC3-8AF9-9EFF876A2AE9}
	EndGlobalSection
EndGlobal
